
Microsoft Visual Studio Solution File, Format Version 12.00
# Visual Studio Version 16
VisualStudioVersion = 16.0.30804.86
MinimumVisualStudioVersion = 10.0.40219.1
Project("{FAE04EC0-301F-11D3-BF4B-00C04F79EFBC}") = "SpecFlowSample", "SpecFlowSample\SpecFlowSample.csproj", "{DBEDA39B-ACE0-41B7-A9E7-841949C58AEC}"
EndProject
Global
	GlobalSection(SolutionConfigurationPlatforms) = preSolution
		Debug|Any CPU = Debug|Any CPU
		Release|Any CPU = Release|Any CPU
	EndGlobalSection
	GlobalSection(ProjectConfigurationPlatforms) = postSolution
		{DBEDA39B-ACE0-41B7-A9E7-841949C58AEC}.Debug|Any CPU.ActiveCfg = Debug|Any CPU
		{DBEDA39B-ACE0-41B7-A9E7-841949C58AEC}.Debug|Any CPU.Build.0 = Debug|Any CPU
		{DBEDA39B-ACE0-41B7-A9E7-841949C58AEC}.Release|Any CPU.ActiveCfg = Release|Any CPU
		{DBEDA39B-ACE0-41B7-A9E7-841949C58AEC}.Release|Any CPU.Build.0 = Release|Any CPU
	EndGlobalSection
	GlobalSection(SolutionProperties) = preSolution
		HideSolutionNode = FALSE
	EndGlobalSection
	GlobalSection(ExtensibilityGlobals) = postSolution
		SolutionGuid = {B47054C3-DE3E-4CCB-8FAB-0FE52FA2A7AA}
	EndGlobalSection
EndGlobal
